// !$*UTF8*$!
{
	archiveVersion = 1;
	classes = {
	};
	objectVersion = 56;
	objects = {

/* Begin PBXBuildFile section */
		D21985BA2AB4C78F005B1391 /* String+Extension.swift in Sources */ = {isa = PBXBuildFile; fileRef = D21985B92AB4C78F005B1391 /* String+Extension.swift */; };
		D22E84322A9436C200196AF6 /* PetModel.swift in Sources */ = {isa = PBXBuildFile; fileRef = D22E84312A9436C200196AF6 /* PetModel.swift */; };
		D2321F362AD21CF3007A5E58 /* CreateAppoimentUseCase.swift in Sources */ = {isa = PBXBuildFile; fileRef = D2321F352AD21CF3007A5E58 /* CreateAppoimentUseCase.swift */; };
		D2321F382AD244D2007A5E58 /* Date+Extension.swift in Sources */ = {isa = PBXBuildFile; fileRef = D2321F372AD244D2007A5E58 /* Date+Extension.swift */; };
		D24149B02A8569E800E40EBB /* Login.swift in Sources */ = {isa = PBXBuildFile; fileRef = D24149AB2A8569E800E40EBB /* Login.swift */; };
		D24149B12A8569E800E40EBB /* LoginViewModel.swift in Sources */ = {isa = PBXBuildFile; fileRef = D24149AD2A8569E800E40EBB /* LoginViewModel.swift */; };
		D24149B42A85A92100E40EBB /* LoginFormView.swift in Sources */ = {isa = PBXBuildFile; fileRef = D24149B32A85A92100E40EBB /* LoginFormView.swift */; };
		D24149B62A85AC6200E40EBB /* HubView.swift in Sources */ = {isa = PBXBuildFile; fileRef = D24149B52A85AC6200E40EBB /* HubView.swift */; };
		D24149C02A86B04100E40EBB /* ProfileViewModel.swift in Sources */ = {isa = PBXBuildFile; fileRef = D24149BB2A86B04100E40EBB /* ProfileViewModel.swift */; };
		D24149C12A86B04100E40EBB /* ProfileView.swift in Sources */ = {isa = PBXBuildFile; fileRef = D24149BD2A86B04100E40EBB /* ProfileView.swift */; };
		D24149C22A86B04100E40EBB /* Profile.swift in Sources */ = {isa = PBXBuildFile; fileRef = D24149BF2A86B04100E40EBB /* Profile.swift */; };
		D24149C42A86B08A00E40EBB /* SignUpUseCase.swift in Sources */ = {isa = PBXBuildFile; fileRef = D24149C32A86B08A00E40EBB /* SignUpUseCase.swift */; };
		D24149C62A86E57E00E40EBB /* ShorOrHideButton.swift in Sources */ = {isa = PBXBuildFile; fileRef = D24149C52A86E57E00E40EBB /* ShorOrHideButton.swift */; };
		D24149C82A86E76500E40EBB /* SignOutUseCase.swift in Sources */ = {isa = PBXBuildFile; fileRef = D24149C72A86E76500E40EBB /* SignOutUseCase.swift */; };
		D24149D22A86F6DD00E40EBB /* SignUpView.swift in Sources */ = {isa = PBXBuildFile; fileRef = D24149CD2A86F6DD00E40EBB /* SignUpView.swift */; };
		D24149D32A86F6DD00E40EBB /* SignUpModel.swift in Sources */ = {isa = PBXBuildFile; fileRef = D24149CF2A86F6DD00E40EBB /* SignUpModel.swift */; };
		D24149D42A86F6DD00E40EBB /* SignUpViewModel.swift in Sources */ = {isa = PBXBuildFile; fileRef = D24149D12A86F6DD00E40EBB /* SignUpViewModel.swift */; };
		D24883492A9AAB66006BC149 /* View+Extension.swift in Sources */ = {isa = PBXBuildFile; fileRef = D24883482A9AAB66006BC149 /* View+Extension.swift */; };
		D248834D2A9AC722006BC149 /* VaccinationCellView.swift in Sources */ = {isa = PBXBuildFile; fileRef = D248834C2A9AC722006BC149 /* VaccinationCellView.swift */; };
		D248834F2A9AE12D006BC149 /* CiteModel.swift in Sources */ = {isa = PBXBuildFile; fileRef = D248834E2A9AE12D006BC149 /* CiteModel.swift */; };
		D24883592A9D603A006BC149 /* EmergencyViewModel.swift in Sources */ = {isa = PBXBuildFile; fileRef = D24883542A9D603A006BC149 /* EmergencyViewModel.swift */; };
		D248835A2A9D603A006BC149 /* OfficeModel.swift in Sources */ = {isa = PBXBuildFile; fileRef = D24883562A9D603A006BC149 /* OfficeModel.swift */; };
		D248835B2A9D603A006BC149 /* EmergencyView.swift in Sources */ = {isa = PBXBuildFile; fileRef = D24883582A9D603A006BC149 /* EmergencyView.swift */; };
		D248835D2A9D6212006BC149 /* EmergencyUseCase.swift in Sources */ = {isa = PBXBuildFile; fileRef = D248835C2A9D6212006BC149 /* EmergencyUseCase.swift */; };
		D2494A352AA1073B00A944A2 /* HomeBottomSheet.swift in Sources */ = {isa = PBXBuildFile; fileRef = D2494A342AA1073B00A944A2 /* HomeBottomSheet.swift */; };
		D2494A372AA1156000A944A2 /* HomeBottomSheetCell.swift in Sources */ = {isa = PBXBuildFile; fileRef = D2494A362AA1156000A944A2 /* HomeBottomSheetCell.swift */; };
		D2494A392AA15E5300A944A2 /* PetType.swift in Sources */ = {isa = PBXBuildFile; fileRef = D2494A382AA15E5300A944A2 /* PetType.swift */; };
		D2494A432AA15FE500A944A2 /* VeterinarianViewModel.swift in Sources */ = {isa = PBXBuildFile; fileRef = D2494A3E2AA15FE500A944A2 /* VeterinarianViewModel.swift */; };
		D2494A442AA15FE500A944A2 /* VeterinarianView.swift in Sources */ = {isa = PBXBuildFile; fileRef = D2494A402AA15FE500A944A2 /* VeterinarianView.swift */; };
		D2494A472AA1607F00A944A2 /* VeterianUseCase.swift in Sources */ = {isa = PBXBuildFile; fileRef = D2494A462AA1607F00A944A2 /* VeterianUseCase.swift */; };
		D2494A492AA1698700A944A2 /* UserHasLocation.swift in Sources */ = {isa = PBXBuildFile; fileRef = D2494A482AA1698700A944A2 /* UserHasLocation.swift */; };
		D2494A4D2AA22E7600A944A2 /* VeterianCardCell.swift in Sources */ = {isa = PBXBuildFile; fileRef = D2494A4C2AA22E7600A944A2 /* VeterianCardCell.swift */; };
		D2494A4F2AA22F4200A944A2 /* FilterView.swift in Sources */ = {isa = PBXBuildFile; fileRef = D2494A4E2AA22F4200A944A2 /* FilterView.swift */; };
		D2494A512AA24EC700A944A2 /* FilterSectorModel.swift in Sources */ = {isa = PBXBuildFile; fileRef = D2494A502AA24EC700A944A2 /* FilterSectorModel.swift */; };
		D24EE6042A8F2BA0008E3013 /* HomeViewModel.swift in Sources */ = {isa = PBXBuildFile; fileRef = D24EE5FF2A8F2BA0008E3013 /* HomeViewModel.swift */; };
		D24EE6052A8F2BA0008E3013 /* UserModel.swift in Sources */ = {isa = PBXBuildFile; fileRef = D24EE6012A8F2BA0008E3013 /* UserModel.swift */; };
		D24EE6062A8F2BA0008E3013 /* HomeView.swift in Sources */ = {isa = PBXBuildFile; fileRef = D24EE6032A8F2BA0008E3013 /* HomeView.swift */; };
		D24EE6082A8FC370008E3013 /* HomeUseCase.swift in Sources */ = {isa = PBXBuildFile; fileRef = D24EE6072A8FC370008E3013 /* HomeUseCase.swift */; };
		D26B63AC2A8BCDD500A843D2 /* PetRegister.swift in Sources */ = {isa = PBXBuildFile; fileRef = D26B63A72A8BCDD500A843D2 /* PetRegister.swift */; };
		D26B63AD2A8BCDD500A843D2 /* PetRegisterViewModel.swift in Sources */ = {isa = PBXBuildFile; fileRef = D26B63A92A8BCDD500A843D2 /* PetRegisterViewModel.swift */; };
		D26B63AE2A8BCDD500A843D2 /* PetRegisterView.swift in Sources */ = {isa = PBXBuildFile; fileRef = D26B63AB2A8BCDD500A843D2 /* PetRegisterView.swift */; };
		D27FAA092A830F4E00E0B93A /* All_PetsApp.swift in Sources */ = {isa = PBXBuildFile; fileRef = D27FAA082A830F4E00E0B93A /* All_PetsApp.swift */; };
		D27FAA0B2A830F4E00E0B93A /* ContentView.swift in Sources */ = {isa = PBXBuildFile; fileRef = D27FAA0A2A830F4E00E0B93A /* ContentView.swift */; };
		D27FAA0D2A830F5000E0B93A /* Assets.xcassets in Resources */ = {isa = PBXBuildFile; fileRef = D27FAA0C2A830F5000E0B93A /* Assets.xcassets */; };
		D27FAA102A830F5000E0B93A /* Preview Assets.xcassets in Resources */ = {isa = PBXBuildFile; fileRef = D27FAA0F2A830F5000E0B93A /* Preview Assets.xcassets */; };
		D28A19CC2A8C01920024C517 /* PetRegisterUseCase.swift in Sources */ = {isa = PBXBuildFile; fileRef = D28A19CB2A8C01920024C517 /* PetRegisterUseCase.swift */; };
		D28A19CE2A8C35710024C517 /* ListSearch.swift in Sources */ = {isa = PBXBuildFile; fileRef = D28A19CD2A8C35710024C517 /* ListSearch.swift */; };
		D28A19D02A8C56B50024C517 /* ImagePicker.swift in Sources */ = {isa = PBXBuildFile; fileRef = D28A19CF2A8C56B50024C517 /* ImagePicker.swift */; };
		D28BD59A2AA8E81300320204 /* VeterianFilterChipsView.swift in Sources */ = {isa = PBXBuildFile; fileRef = D28BD5992AA8E81300320204 /* VeterianFilterChipsView.swift */; };
		D28BD5A82AA90E0200320204 /* VeterinarianDetailViewModel.swift in Sources */ = {isa = PBXBuildFile; fileRef = D28BD5A32AA90E0200320204 /* VeterinarianDetailViewModel.swift */; };
		D28BD5A92AA90E0200320204 /* VeterinarianDetailView.swift in Sources */ = {isa = PBXBuildFile; fileRef = D28BD5A52AA90E0200320204 /* VeterinarianDetailView.swift */; };
		D28BD5AA2AA90E0200320204 /* VeterinarianDetail.swift in Sources */ = {isa = PBXBuildFile; fileRef = D28BD5A72AA90E0200320204 /* VeterinarianDetail.swift */; };
		D28BD5AC2AA92BF200320204 /* VeterianImageView.swift in Sources */ = {isa = PBXBuildFile; fileRef = D28BD5AB2AA92BF200320204 /* VeterianImageView.swift */; };
		D28BD5AE2AA94CA500320204 /* ImageSliderView.swift in Sources */ = {isa = PBXBuildFile; fileRef = D28BD5AD2AA94CA500320204 /* ImageSliderView.swift */; };
		D28C75BE2AD4BC910013E213 /* ExploreView.swift in Sources */ = {isa = PBXBuildFile; fileRef = D28C75B92AD4BC910013E213 /* ExploreView.swift */; };
		D28C75BF2AD4BC910013E213 /* ExploreViewModel.swift in Sources */ = {isa = PBXBuildFile; fileRef = D28C75BB2AD4BC910013E213 /* ExploreViewModel.swift */; };
		D28C75C02AD4BC910013E213 /* Explore.swift in Sources */ = {isa = PBXBuildFile; fileRef = D28C75BD2AD4BC910013E213 /* Explore.swift */; };
		D28C75C22AD4BD700013E213 /* ExploreUseCase.swift in Sources */ = {isa = PBXBuildFile; fileRef = D28C75C12AD4BD700013E213 /* ExploreUseCase.swift */; };
		D29F03892A99C7A300C455F2 /* VaccinationCardViewModel.swift in Sources */ = {isa = PBXBuildFile; fileRef = D29F03842A99C7A300C455F2 /* VaccinationCardViewModel.swift */; };
		D29F038A2A99C7A300C455F2 /* VaccinationCard.swift in Sources */ = {isa = PBXBuildFile; fileRef = D29F03862A99C7A300C455F2 /* VaccinationCard.swift */; };
		D29F038B2A99C7A300C455F2 /* VaccinationCardView.swift in Sources */ = {isa = PBXBuildFile; fileRef = D29F03882A99C7A300C455F2 /* VaccinationCardView.swift */; };
		D29F038D2A99CA7400C455F2 /* VaccinationCardUseCase.swift in Sources */ = {isa = PBXBuildFile; fileRef = D29F038C2A99CA7400C455F2 /* VaccinationCardUseCase.swift */; };
		D2AC455A2A840229003958FC /* NetworkingClientErrors.swift in Sources */ = {isa = PBXBuildFile; fileRef = D2AC45592A840229003958FC /* NetworkingClientErrors.swift */; };
		D2AC455C2A840241003958FC /* NetworkingServerErrors.swift in Sources */ = {isa = PBXBuildFile; fileRef = D2AC455B2A840241003958FC /* NetworkingServerErrors.swift */; };
		D2AC455E2A840288003958FC /* RequestType.swift in Sources */ = {isa = PBXBuildFile; fileRef = D2AC455D2A840288003958FC /* RequestType.swift */; };
		D2AC45612A84061A003958FC /* Fetcher.swift in Sources */ = {isa = PBXBuildFile; fileRef = D2AC45602A84061A003958FC /* Fetcher.swift */; };
		D2AC45652A8406F9003958FC /* NetworkingProviderService.swift in Sources */ = {isa = PBXBuildFile; fileRef = D2AC45642A8406F9003958FC /* NetworkingProviderService.swift */; };
		D2AC45672A84081F003958FC /* ProviderServiceProtocols.swift in Sources */ = {isa = PBXBuildFile; fileRef = D2AC45662A84081F003958FC /* ProviderServiceProtocols.swift */; };
		D2AC456A2A8409CB003958FC /* Array+Extension.swift in Sources */ = {isa = PBXBuildFile; fileRef = D2AC45692A8409CB003958FC /* Array+Extension.swift */; };
		D2AC456C2A840A23003958FC /* ObservableObject+Extension.swift in Sources */ = {isa = PBXBuildFile; fileRef = D2AC456B2A840A23003958FC /* ObservableObject+Extension.swift */; };
		D2AF11C32ABE1DB600DD72E8 /* CreateAppointmentViewModel.swift in Sources */ = {isa = PBXBuildFile; fileRef = D2AF11BF2ABE1DB600DD72E8 /* CreateAppointmentViewModel.swift */; };
		D2AF11C42ABE1DB600DD72E8 /* CreateAppointmentView.swift in Sources */ = {isa = PBXBuildFile; fileRef = D2AF11C12ABE1DB600DD72E8 /* CreateAppointmentView.swift */; };
		D2AFE1602AA57F2B00B44FB4 /* ChipView.swift in Sources */ = {isa = PBXBuildFile; fileRef = D2AFE15F2AA57F2B00B44FB4 /* ChipView.swift */; };
		D2AFE1622AA5820D00B44FB4 /* ChipModel.swift in Sources */ = {isa = PBXBuildFile; fileRef = D2AFE1612AA5820D00B44FB4 /* ChipModel.swift */; };
		D2AFE1642AA5827400B44FB4 /* ChipContainerView.swift in Sources */ = {isa = PBXBuildFile; fileRef = D2AFE1632AA5827400B44FB4 /* ChipContainerView.swift */; };
		D2B385F92AC24F660051EDF7 /* SessionInfo.swift in Sources */ = {isa = PBXBuildFile; fileRef = D2B385F82AC24F660051EDF7 /* SessionInfo.swift */; };
		D2B385FB2AC2648B0051EDF7 /* SessionInfoUseCase.swift in Sources */ = {isa = PBXBuildFile; fileRef = D2B385FA2AC2648B0051EDF7 /* SessionInfoUseCase.swift */; };
		D2D8232E2A831C490060CDA7 /* GoogleService-Info.plist in Resources */ = {isa = PBXBuildFile; fileRef = D2D8232D2A831C490060CDA7 /* GoogleService-Info.plist */; };
		D2D928572A889FC0009C5FEE /* Endpoint.swift in Sources */ = {isa = PBXBuildFile; fileRef = D2D928562A889FC0009C5FEE /* Endpoint.swift */; };
		D2DB53B62AAA4175004D3B49 /* MapLocationIconsView.swift in Sources */ = {isa = PBXBuildFile; fileRef = D2DB53B52AAA4175004D3B49 /* MapLocationIconsView.swift */; };
		D2E143E72A83F9780096457C /* AuthLoginView.swift in Sources */ = {isa = PBXBuildFile; fileRef = D2E143E62A83F9780096457C /* AuthLoginView.swift */; };
		D2E143E92A83FB270096457C /* AuthLoginViewModel.swift in Sources */ = {isa = PBXBuildFile; fileRef = D2E143E82A83FB270096457C /* AuthLoginViewModel.swift */; };
		D2E143EB2A83FB480096457C /* AuthSections.swift in Sources */ = {isa = PBXBuildFile; fileRef = D2E143EA2A83FB480096457C /* AuthSections.swift */; };
		D2E6F80E2A84A6290074D84E /* Loader.swift in Sources */ = {isa = PBXBuildFile; fileRef = D2E6F80D2A84A6290074D84E /* Loader.swift */; };
		D2E6F8172A855AED0074D84E /* Modifiers.swift in Sources */ = {isa = PBXBuildFile; fileRef = D2E6F8162A855AED0074D84E /* Modifiers.swift */; };
		D2E6F8192A855C4E0074D84E /* Constants.swift in Sources */ = {isa = PBXBuildFile; fileRef = D2E6F8182A855C4E0074D84E /* Constants.swift */; };
		D2E6F81B2A85655A0074D84E /* AuthPreLoginUseCase.swift in Sources */ = {isa = PBXBuildFile; fileRef = D2E6F81A2A85655A0074D84E /* AuthPreLoginUseCase.swift */; };
		D2F8C3B22A83E3FD0078E65B /* AppEnviroment.swift in Sources */ = {isa = PBXBuildFile; fileRef = D2F8C3B12A83E3FD0078E65B /* AppEnviroment.swift */; };
		D2FF36BF2AA0055300234BCA /* MapViewPin.swift in Sources */ = {isa = PBXBuildFile; fileRef = D2FF36BE2AA0055300234BCA /* MapViewPin.swift */; };
		DB1932CF2B85B26A005E74E8 /* AllPetsCommons in Frameworks */ = {isa = PBXBuildFile; productRef = DB1932CE2B85B26A005E74E8 /* AllPetsCommons */; };
		DB2DFB852B7DC92C0016DA32 /* Localizable.xcstrings in Resources */ = {isa = PBXBuildFile; fileRef = DB2DFB842B7DC92C0016DA32 /* Localizable.xcstrings */; };
		DB66F1FD2B7EC3F000BCA025 /* ForgotPasswordViewModel.swift in Sources */ = {isa = PBXBuildFile; fileRef = DB66F1FC2B7EC3F000BCA025 /* ForgotPasswordViewModel.swift */; };
		DB66F1FF2B7EC3FE00BCA025 /* ForgotPasswordView.swift in Sources */ = {isa = PBXBuildFile; fileRef = DB66F1FE2B7EC3FE00BCA025 /* ForgotPasswordView.swift */; };
		DB66F2012B7EEA7600BCA025 /* ForgotPasswordUseCase.swift in Sources */ = {isa = PBXBuildFile; fileRef = DB66F2002B7EEA7600BCA025 /* ForgotPasswordUseCase.swift */; };
		DBC83EB42B8C005A00E7C560 /* AllPetsColors in Frameworks */ = {isa = PBXBuildFile; productRef = DBC83EB32B8C005A00E7C560 /* AllPetsColors */; };
		DBC83EB62B8C005A00E7C560 /* AllPetsFunctionalUtilities in Frameworks */ = {isa = PBXBuildFile; productRef = DBC83EB52B8C005A00E7C560 /* AllPetsFunctionalUtilities */; };
		DBC83EB82B8C005A00E7C560 /* AllPetsImages in Frameworks */ = {isa = PBXBuildFile; productRef = DBC83EB72B8C005A00E7C560 /* AllPetsImages */; };
		DBC83EBA2B8C005A00E7C560 /* AllPetsLocalizable in Frameworks */ = {isa = PBXBuildFile; productRef = DBC83EB92B8C005A00E7C560 /* AllPetsLocalizable */; };
		DBC83EBC2B8C005A00E7C560 /* AllPetsNetworkProvider in Frameworks */ = {isa = PBXBuildFile; productRef = DBC83EBB2B8C005A00E7C560 /* AllPetsNetworkProvider */; };
/* End PBXBuildFile section */

/* Begin PBXFileReference section */
		D21985B92AB4C78F005B1391 /* String+Extension.swift */ = {isa = PBXFileReference; lastKnownFileType = sourcecode.swift; path = "String+Extension.swift"; sourceTree = "<group>"; };
		D22E84312A9436C200196AF6 /* PetModel.swift */ = {isa = PBXFileReference; lastKnownFileType = sourcecode.swift; path = PetModel.swift; sourceTree = "<group>"; };
		D2321F352AD21CF3007A5E58 /* CreateAppoimentUseCase.swift */ = {isa = PBXFileReference; lastKnownFileType = sourcecode.swift; path = CreateAppoimentUseCase.swift; sourceTree = "<group>"; };
		D2321F372AD244D2007A5E58 /* Date+Extension.swift */ = {isa = PBXFileReference; lastKnownFileType = sourcecode.swift; path = "Date+Extension.swift"; sourceTree = "<group>"; };
		D24149AB2A8569E800E40EBB /* Login.swift */ = {isa = PBXFileReference; fileEncoding = 4; lastKnownFileType = sourcecode.swift; path = Login.swift; sourceTree = "<group>"; };
		D24149AD2A8569E800E40EBB /* LoginViewModel.swift */ = {isa = PBXFileReference; fileEncoding = 4; lastKnownFileType = sourcecode.swift; path = LoginViewModel.swift; sourceTree = "<group>"; };
		D24149B32A85A92100E40EBB /* LoginFormView.swift */ = {isa = PBXFileReference; lastKnownFileType = sourcecode.swift; path = LoginFormView.swift; sourceTree = "<group>"; };
		D24149B52A85AC6200E40EBB /* HubView.swift */ = {isa = PBXFileReference; lastKnownFileType = sourcecode.swift; path = HubView.swift; sourceTree = "<group>"; };
		D24149BB2A86B04100E40EBB /* ProfileViewModel.swift */ = {isa = PBXFileReference; fileEncoding = 4; lastKnownFileType = sourcecode.swift; path = ProfileViewModel.swift; sourceTree = "<group>"; };
		D24149BD2A86B04100E40EBB /* ProfileView.swift */ = {isa = PBXFileReference; fileEncoding = 4; lastKnownFileType = sourcecode.swift; path = ProfileView.swift; sourceTree = "<group>"; };
		D24149BF2A86B04100E40EBB /* Profile.swift */ = {isa = PBXFileReference; fileEncoding = 4; lastKnownFileType = sourcecode.swift; path = Profile.swift; sourceTree = "<group>"; };
		D24149C32A86B08A00E40EBB /* SignUpUseCase.swift */ = {isa = PBXFileReference; lastKnownFileType = sourcecode.swift; path = SignUpUseCase.swift; sourceTree = "<group>"; };
		D24149C52A86E57E00E40EBB /* ShorOrHideButton.swift */ = {isa = PBXFileReference; lastKnownFileType = sourcecode.swift; path = ShorOrHideButton.swift; sourceTree = "<group>"; };
		D24149C72A86E76500E40EBB /* SignOutUseCase.swift */ = {isa = PBXFileReference; lastKnownFileType = sourcecode.swift; path = SignOutUseCase.swift; sourceTree = "<group>"; };
		D24149CD2A86F6DD00E40EBB /* SignUpView.swift */ = {isa = PBXFileReference; fileEncoding = 4; lastKnownFileType = sourcecode.swift; path = SignUpView.swift; sourceTree = "<group>"; };
		D24149CF2A86F6DD00E40EBB /* SignUpModel.swift */ = {isa = PBXFileReference; fileEncoding = 4; lastKnownFileType = sourcecode.swift; path = SignUpModel.swift; sourceTree = "<group>"; };
		D24149D12A86F6DD00E40EBB /* SignUpViewModel.swift */ = {isa = PBXFileReference; fileEncoding = 4; lastKnownFileType = sourcecode.swift; path = SignUpViewModel.swift; sourceTree = "<group>"; };
		D24883482A9AAB66006BC149 /* View+Extension.swift */ = {isa = PBXFileReference; lastKnownFileType = sourcecode.swift; path = "View+Extension.swift"; sourceTree = "<group>"; };
		D248834C2A9AC722006BC149 /* VaccinationCellView.swift */ = {isa = PBXFileReference; lastKnownFileType = sourcecode.swift; path = VaccinationCellView.swift; sourceTree = "<group>"; };
		D248834E2A9AE12D006BC149 /* CiteModel.swift */ = {isa = PBXFileReference; lastKnownFileType = sourcecode.swift; path = CiteModel.swift; sourceTree = "<group>"; };
		D24883542A9D603A006BC149 /* EmergencyViewModel.swift */ = {isa = PBXFileReference; fileEncoding = 4; lastKnownFileType = sourcecode.swift; path = EmergencyViewModel.swift; sourceTree = "<group>"; };
		D24883562A9D603A006BC149 /* OfficeModel.swift */ = {isa = PBXFileReference; fileEncoding = 4; lastKnownFileType = sourcecode.swift; path = OfficeModel.swift; sourceTree = "<group>"; };
		D24883582A9D603A006BC149 /* EmergencyView.swift */ = {isa = PBXFileReference; fileEncoding = 4; lastKnownFileType = sourcecode.swift; path = EmergencyView.swift; sourceTree = "<group>"; };
		D248835C2A9D6212006BC149 /* EmergencyUseCase.swift */ = {isa = PBXFileReference; lastKnownFileType = sourcecode.swift; path = EmergencyUseCase.swift; sourceTree = "<group>"; };
		D2494A342AA1073B00A944A2 /* HomeBottomSheet.swift */ = {isa = PBXFileReference; lastKnownFileType = sourcecode.swift; path = HomeBottomSheet.swift; sourceTree = "<group>"; };
		D2494A362AA1156000A944A2 /* HomeBottomSheetCell.swift */ = {isa = PBXFileReference; lastKnownFileType = sourcecode.swift; path = HomeBottomSheetCell.swift; sourceTree = "<group>"; };
		D2494A382AA15E5300A944A2 /* PetType.swift */ = {isa = PBXFileReference; lastKnownFileType = sourcecode.swift; path = PetType.swift; sourceTree = "<group>"; };
		D2494A3E2AA15FE500A944A2 /* VeterinarianViewModel.swift */ = {isa = PBXFileReference; fileEncoding = 4; lastKnownFileType = sourcecode.swift; path = VeterinarianViewModel.swift; sourceTree = "<group>"; };
		D2494A402AA15FE500A944A2 /* VeterinarianView.swift */ = {isa = PBXFileReference; fileEncoding = 4; lastKnownFileType = sourcecode.swift; path = VeterinarianView.swift; sourceTree = "<group>"; };
		D2494A462AA1607F00A944A2 /* VeterianUseCase.swift */ = {isa = PBXFileReference; lastKnownFileType = sourcecode.swift; path = VeterianUseCase.swift; sourceTree = "<group>"; };
		D2494A482AA1698700A944A2 /* UserHasLocation.swift */ = {isa = PBXFileReference; lastKnownFileType = sourcecode.swift; path = UserHasLocation.swift; sourceTree = "<group>"; };
		D2494A4C2AA22E7600A944A2 /* VeterianCardCell.swift */ = {isa = PBXFileReference; lastKnownFileType = sourcecode.swift; path = VeterianCardCell.swift; sourceTree = "<group>"; };
		D2494A4E2AA22F4200A944A2 /* FilterView.swift */ = {isa = PBXFileReference; lastKnownFileType = sourcecode.swift; path = FilterView.swift; sourceTree = "<group>"; };
		D2494A502AA24EC700A944A2 /* FilterSectorModel.swift */ = {isa = PBXFileReference; lastKnownFileType = sourcecode.swift; path = FilterSectorModel.swift; sourceTree = "<group>"; };
		D24EE5FF2A8F2BA0008E3013 /* HomeViewModel.swift */ = {isa = PBXFileReference; fileEncoding = 4; lastKnownFileType = sourcecode.swift; path = HomeViewModel.swift; sourceTree = "<group>"; };
		D24EE6012A8F2BA0008E3013 /* UserModel.swift */ = {isa = PBXFileReference; fileEncoding = 4; lastKnownFileType = sourcecode.swift; path = UserModel.swift; sourceTree = "<group>"; };
		D24EE6032A8F2BA0008E3013 /* HomeView.swift */ = {isa = PBXFileReference; fileEncoding = 4; lastKnownFileType = sourcecode.swift; path = HomeView.swift; sourceTree = "<group>"; };
		D24EE6072A8FC370008E3013 /* HomeUseCase.swift */ = {isa = PBXFileReference; lastKnownFileType = sourcecode.swift; path = HomeUseCase.swift; sourceTree = "<group>"; };
		D26B63A72A8BCDD500A843D2 /* PetRegister.swift */ = {isa = PBXFileReference; fileEncoding = 4; lastKnownFileType = sourcecode.swift; path = PetRegister.swift; sourceTree = "<group>"; };
		D26B63A92A8BCDD500A843D2 /* PetRegisterViewModel.swift */ = {isa = PBXFileReference; fileEncoding = 4; lastKnownFileType = sourcecode.swift; path = PetRegisterViewModel.swift; sourceTree = "<group>"; };
		D26B63AB2A8BCDD500A843D2 /* PetRegisterView.swift */ = {isa = PBXFileReference; fileEncoding = 4; lastKnownFileType = sourcecode.swift; path = PetRegisterView.swift; sourceTree = "<group>"; };
		D27FAA052A830F4E00E0B93A /* All_Pets.app */ = {isa = PBXFileReference; explicitFileType = wrapper.application; includeInIndex = 0; path = All_Pets.app; sourceTree = BUILT_PRODUCTS_DIR; };
		D27FAA082A830F4E00E0B93A /* All_PetsApp.swift */ = {isa = PBXFileReference; lastKnownFileType = sourcecode.swift; path = All_PetsApp.swift; sourceTree = "<group>"; };
		D27FAA0A2A830F4E00E0B93A /* ContentView.swift */ = {isa = PBXFileReference; lastKnownFileType = sourcecode.swift; path = ContentView.swift; sourceTree = "<group>"; };
		D27FAA0C2A830F5000E0B93A /* Assets.xcassets */ = {isa = PBXFileReference; lastKnownFileType = folder.assetcatalog; path = Assets.xcassets; sourceTree = "<group>"; };
		D27FAA0F2A830F5000E0B93A /* Preview Assets.xcassets */ = {isa = PBXFileReference; lastKnownFileType = folder.assetcatalog; path = "Preview Assets.xcassets"; sourceTree = "<group>"; };
		D28A19CB2A8C01920024C517 /* PetRegisterUseCase.swift */ = {isa = PBXFileReference; lastKnownFileType = sourcecode.swift; path = PetRegisterUseCase.swift; sourceTree = "<group>"; };
		D28A19CD2A8C35710024C517 /* ListSearch.swift */ = {isa = PBXFileReference; lastKnownFileType = sourcecode.swift; path = ListSearch.swift; sourceTree = "<group>"; };
		D28A19CF2A8C56B50024C517 /* ImagePicker.swift */ = {isa = PBXFileReference; lastKnownFileType = sourcecode.swift; path = ImagePicker.swift; sourceTree = "<group>"; };
		D28BD5992AA8E81300320204 /* VeterianFilterChipsView.swift */ = {isa = PBXFileReference; lastKnownFileType = sourcecode.swift; path = VeterianFilterChipsView.swift; sourceTree = "<group>"; };
		D28BD5A32AA90E0200320204 /* VeterinarianDetailViewModel.swift */ = {isa = PBXFileReference; fileEncoding = 4; lastKnownFileType = sourcecode.swift; path = VeterinarianDetailViewModel.swift; sourceTree = "<group>"; };
		D28BD5A52AA90E0200320204 /* VeterinarianDetailView.swift */ = {isa = PBXFileReference; fileEncoding = 4; lastKnownFileType = sourcecode.swift; path = VeterinarianDetailView.swift; sourceTree = "<group>"; };
		D28BD5A72AA90E0200320204 /* VeterinarianDetail.swift */ = {isa = PBXFileReference; fileEncoding = 4; lastKnownFileType = sourcecode.swift; path = VeterinarianDetail.swift; sourceTree = "<group>"; };
		D28BD5AB2AA92BF200320204 /* VeterianImageView.swift */ = {isa = PBXFileReference; lastKnownFileType = sourcecode.swift; path = VeterianImageView.swift; sourceTree = "<group>"; };
		D28BD5AD2AA94CA500320204 /* ImageSliderView.swift */ = {isa = PBXFileReference; lastKnownFileType = sourcecode.swift; path = ImageSliderView.swift; sourceTree = "<group>"; };
		D28C75B92AD4BC910013E213 /* ExploreView.swift */ = {isa = PBXFileReference; fileEncoding = 4; lastKnownFileType = sourcecode.swift; path = ExploreView.swift; sourceTree = "<group>"; };
		D28C75BB2AD4BC910013E213 /* ExploreViewModel.swift */ = {isa = PBXFileReference; fileEncoding = 4; lastKnownFileType = sourcecode.swift; path = ExploreViewModel.swift; sourceTree = "<group>"; };
		D28C75BD2AD4BC910013E213 /* Explore.swift */ = {isa = PBXFileReference; fileEncoding = 4; lastKnownFileType = sourcecode.swift; path = Explore.swift; sourceTree = "<group>"; };
		D28C75C12AD4BD700013E213 /* ExploreUseCase.swift */ = {isa = PBXFileReference; lastKnownFileType = sourcecode.swift; path = ExploreUseCase.swift; sourceTree = "<group>"; };
		D29F03842A99C7A300C455F2 /* VaccinationCardViewModel.swift */ = {isa = PBXFileReference; fileEncoding = 4; lastKnownFileType = sourcecode.swift; path = VaccinationCardViewModel.swift; sourceTree = "<group>"; };
		D29F03862A99C7A300C455F2 /* VaccinationCard.swift */ = {isa = PBXFileReference; fileEncoding = 4; lastKnownFileType = sourcecode.swift; path = VaccinationCard.swift; sourceTree = "<group>"; };
		D29F03882A99C7A300C455F2 /* VaccinationCardView.swift */ = {isa = PBXFileReference; fileEncoding = 4; lastKnownFileType = sourcecode.swift; path = VaccinationCardView.swift; sourceTree = "<group>"; };
		D29F038C2A99CA7400C455F2 /* VaccinationCardUseCase.swift */ = {isa = PBXFileReference; lastKnownFileType = sourcecode.swift; path = VaccinationCardUseCase.swift; sourceTree = "<group>"; };
		D2AC45592A840229003958FC /* NetworkingClientErrors.swift */ = {isa = PBXFileReference; lastKnownFileType = sourcecode.swift; path = NetworkingClientErrors.swift; sourceTree = "<group>"; };
		D2AC455B2A840241003958FC /* NetworkingServerErrors.swift */ = {isa = PBXFileReference; lastKnownFileType = sourcecode.swift; path = NetworkingServerErrors.swift; sourceTree = "<group>"; };
		D2AC455D2A840288003958FC /* RequestType.swift */ = {isa = PBXFileReference; lastKnownFileType = sourcecode.swift; path = RequestType.swift; sourceTree = "<group>"; };
		D2AC45602A84061A003958FC /* Fetcher.swift */ = {isa = PBXFileReference; lastKnownFileType = sourcecode.swift; path = Fetcher.swift; sourceTree = "<group>"; };
		D2AC45642A8406F9003958FC /* NetworkingProviderService.swift */ = {isa = PBXFileReference; lastKnownFileType = sourcecode.swift; path = NetworkingProviderService.swift; sourceTree = "<group>"; };
		D2AC45662A84081F003958FC /* ProviderServiceProtocols.swift */ = {isa = PBXFileReference; lastKnownFileType = sourcecode.swift; path = ProviderServiceProtocols.swift; sourceTree = "<group>"; };
		D2AC45692A8409CB003958FC /* Array+Extension.swift */ = {isa = PBXFileReference; lastKnownFileType = sourcecode.swift; path = "Array+Extension.swift"; sourceTree = "<group>"; };
		D2AC456B2A840A23003958FC /* ObservableObject+Extension.swift */ = {isa = PBXFileReference; lastKnownFileType = sourcecode.swift; path = "ObservableObject+Extension.swift"; sourceTree = "<group>"; };
		D2AF11BF2ABE1DB600DD72E8 /* CreateAppointmentViewModel.swift */ = {isa = PBXFileReference; fileEncoding = 4; lastKnownFileType = sourcecode.swift; path = CreateAppointmentViewModel.swift; sourceTree = "<group>"; };
		D2AF11C12ABE1DB600DD72E8 /* CreateAppointmentView.swift */ = {isa = PBXFileReference; fileEncoding = 4; lastKnownFileType = sourcecode.swift; path = CreateAppointmentView.swift; sourceTree = "<group>"; };
		D2AFE15F2AA57F2B00B44FB4 /* ChipView.swift */ = {isa = PBXFileReference; lastKnownFileType = sourcecode.swift; path = ChipView.swift; sourceTree = "<group>"; };
		D2AFE1612AA5820D00B44FB4 /* ChipModel.swift */ = {isa = PBXFileReference; lastKnownFileType = sourcecode.swift; path = ChipModel.swift; sourceTree = "<group>"; };
		D2AFE1632AA5827400B44FB4 /* ChipContainerView.swift */ = {isa = PBXFileReference; lastKnownFileType = sourcecode.swift; path = ChipContainerView.swift; sourceTree = "<group>"; };
		D2B385F82AC24F660051EDF7 /* SessionInfo.swift */ = {isa = PBXFileReference; lastKnownFileType = sourcecode.swift; path = SessionInfo.swift; sourceTree = "<group>"; };
		D2B385FA2AC2648B0051EDF7 /* SessionInfoUseCase.swift */ = {isa = PBXFileReference; lastKnownFileType = sourcecode.swift; path = SessionInfoUseCase.swift; sourceTree = "<group>"; };
		D2D8232D2A831C490060CDA7 /* GoogleService-Info.plist */ = {isa = PBXFileReference; fileEncoding = 4; lastKnownFileType = text.plist.xml; path = "GoogleService-Info.plist"; sourceTree = "<group>"; };
		D2D928562A889FC0009C5FEE /* Endpoint.swift */ = {isa = PBXFileReference; lastKnownFileType = sourcecode.swift; path = Endpoint.swift; sourceTree = "<group>"; };
		D2DB53B52AAA4175004D3B49 /* MapLocationIconsView.swift */ = {isa = PBXFileReference; lastKnownFileType = sourcecode.swift; path = MapLocationIconsView.swift; sourceTree = "<group>"; };
		D2E143E62A83F9780096457C /* AuthLoginView.swift */ = {isa = PBXFileReference; lastKnownFileType = sourcecode.swift; path = AuthLoginView.swift; sourceTree = "<group>"; };
		D2E143E82A83FB270096457C /* AuthLoginViewModel.swift */ = {isa = PBXFileReference; lastKnownFileType = sourcecode.swift; path = AuthLoginViewModel.swift; sourceTree = "<group>"; };
		D2E143EA2A83FB480096457C /* AuthSections.swift */ = {isa = PBXFileReference; lastKnownFileType = sourcecode.swift; path = AuthSections.swift; sourceTree = "<group>"; };
		D2E6F80D2A84A6290074D84E /* Loader.swift */ = {isa = PBXFileReference; lastKnownFileType = sourcecode.swift; path = Loader.swift; sourceTree = "<group>"; };
		D2E6F8162A855AED0074D84E /* Modifiers.swift */ = {isa = PBXFileReference; lastKnownFileType = sourcecode.swift; path = Modifiers.swift; sourceTree = "<group>"; };
		D2E6F8182A855C4E0074D84E /* Constants.swift */ = {isa = PBXFileReference; lastKnownFileType = sourcecode.swift; path = Constants.swift; sourceTree = "<group>"; };
		D2E6F81A2A85655A0074D84E /* AuthPreLoginUseCase.swift */ = {isa = PBXFileReference; lastKnownFileType = sourcecode.swift; path = AuthPreLoginUseCase.swift; sourceTree = "<group>"; };
		D2F8C3B12A83E3FD0078E65B /* AppEnviroment.swift */ = {isa = PBXFileReference; lastKnownFileType = sourcecode.swift; path = AppEnviroment.swift; sourceTree = "<group>"; };
		D2FF36BE2AA0055300234BCA /* MapViewPin.swift */ = {isa = PBXFileReference; lastKnownFileType = sourcecode.swift; path = MapViewPin.swift; sourceTree = "<group>"; };
		DB2DFB842B7DC92C0016DA32 /* Localizable.xcstrings */ = {isa = PBXFileReference; lastKnownFileType = text.json.xcstrings; path = Localizable.xcstrings; sourceTree = "<group>"; };
		DB66F1FC2B7EC3F000BCA025 /* ForgotPasswordViewModel.swift */ = {isa = PBXFileReference; lastKnownFileType = sourcecode.swift; path = ForgotPasswordViewModel.swift; sourceTree = "<group>"; };
		DB66F1FE2B7EC3FE00BCA025 /* ForgotPasswordView.swift */ = {isa = PBXFileReference; lastKnownFileType = sourcecode.swift; path = ForgotPasswordView.swift; sourceTree = "<group>"; };
		DB66F2002B7EEA7600BCA025 /* ForgotPasswordUseCase.swift */ = {isa = PBXFileReference; lastKnownFileType = sourcecode.swift; path = ForgotPasswordUseCase.swift; sourceTree = "<group>"; };
/* End PBXFileReference section */

/* Begin PBXFrameworksBuildPhase section */
		D27FAA022A830F4E00E0B93A /* Frameworks */ = {
			isa = PBXFrameworksBuildPhase;
			buildActionMask = 2147483647;
			files = (
				DBC83EBC2B8C005A00E7C560 /* AllPetsNetworkProvider in Frameworks */,
				DBC83EB82B8C005A00E7C560 /* AllPetsImages in Frameworks */,
				DBC83EBA2B8C005A00E7C560 /* AllPetsLocalizable in Frameworks */,
				DBC83EB42B8C005A00E7C560 /* AllPetsColors in Frameworks */,
				DB1932CF2B85B26A005E74E8 /* AllPetsCommons in Frameworks */,
				DBC83EB62B8C005A00E7C560 /* AllPetsFunctionalUtilities in Frameworks */,
			);
			runOnlyForDeploymentPostprocessing = 0;
		};
/* End PBXFrameworksBuildPhase section */

/* Begin PBXGroup section */
		D201FCAA2A83F34D002C1EBA /* Helpers */ = {
			isa = PBXGroup;
			children = (
				D2B385F72AC24F460051EDF7 /* SessionInfo */,
				D2E6F80F2A84A65E0074D84E /* Localized */,
				D2AC45682A8409BC003958FC /* Extensions */,
				D2AC45572A84017E003958FC /* NetworkingProvider */,
				D2F751FC2A83E3B7000AAE77 /* FunctionalUtilities */,
				D21985B92AB4C78F005B1391 /* String+Extension.swift */,
			);
			path = Helpers;
			sourceTree = "<group>";
		};
		D201FCAB2A83F35A002C1EBA /* Components */ = {
			isa = PBXGroup;
			children = (
				DB66F1F92B7EC2AB00BCA025 /* ForgotPassword */,
				D28C75B72AD4BC910013E213 /* Explore */,
				D2AF11BB2ABE1DB600DD72E8 /* CreateAppointment */,
				D28BD5A12AA90E0200320204 /* VeterinarianDetail */,
				D2494A3C2AA15FE500A944A2 /* Veterinarian */,
				D24883522A9D603A006BC149 /* Emergency */,
				D29F03822A99C7A300C455F2 /* VaccinationCard */,
				D24EE5FD2A8F2BA0008E3013 /* Home */,
				D26B63A52A8BCDD500A843D2 /* PetRegister */,
				D24149CB2A86F6DD00E40EBB /* SignUp */,
				D24149B92A86B04100E40EBB /* Profile */,
				D24149A92A8569E800E40EBB /* Login */,
				D2E6F80C2A84A6190074D84E /* Generics */,
				D201FCAC2A83F363002C1EBA /* AuthLogin */,
			);
			path = Components;
			sourceTree = "<group>";
		};
		D201FCAC2A83F363002C1EBA /* AuthLogin */ = {
			isa = PBXGroup;
			children = (
				D201FCAF2A83F379002C1EBA /* AuthLoginViewModel */,
				D201FCAE2A83F373002C1EBA /* Models */,
				D201FCAD2A83F36A002C1EBA /* AuthLoginView */,
			);
			path = AuthLogin;
			sourceTree = "<group>";
		};
		D201FCAD2A83F36A002C1EBA /* AuthLoginView */ = {
			isa = PBXGroup;
			children = (
				D2E143E62A83F9780096457C /* AuthLoginView.swift */,
			);
			path = AuthLoginView;
			sourceTree = "<group>";
		};
		D201FCAE2A83F373002C1EBA /* Models */ = {
			isa = PBXGroup;
			children = (
				D2E143EA2A83FB480096457C /* AuthSections.swift */,
			);
			path = Models;
			sourceTree = "<group>";
		};
		D201FCAF2A83F379002C1EBA /* AuthLoginViewModel */ = {
			isa = PBXGroup;
			children = (
				D2E143E82A83FB270096457C /* AuthLoginViewModel.swift */,
			);
			path = AuthLoginViewModel;
			sourceTree = "<group>";
		};
		D204B41A2A8EBA4200DBD015 /* Frameworks */ = {
			isa = PBXGroup;
			children = (
			);
			name = Frameworks;
			sourceTree = "<group>";
		};
		D24149A92A8569E800E40EBB /* Login */ = {
			isa = PBXGroup;
			children = (
				D24149AA2A8569E800E40EBB /* Models */,
				D24149AC2A8569E800E40EBB /* LoginViewModel */,
				D24149AE2A8569E800E40EBB /* LoginView */,
			);
			path = Login;
			sourceTree = "<group>";
		};
		D24149AA2A8569E800E40EBB /* Models */ = {
			isa = PBXGroup;
			children = (
				D24149AB2A8569E800E40EBB /* Login.swift */,
			);
			path = Models;
			sourceTree = "<group>";
		};
		D24149AC2A8569E800E40EBB /* LoginViewModel */ = {
			isa = PBXGroup;
			children = (
				D24149AD2A8569E800E40EBB /* LoginViewModel.swift */,
			);
			path = LoginViewModel;
			sourceTree = "<group>";
		};
		D24149AE2A8569E800E40EBB /* LoginView */ = {
			isa = PBXGroup;
			children = (
				D24149B32A85A92100E40EBB /* LoginFormView.swift */,
			);
			path = LoginView;
			sourceTree = "<group>";
		};
		D24149B92A86B04100E40EBB /* Profile */ = {
			isa = PBXGroup;
			children = (
				D24149BA2A86B04100E40EBB /* ProfileViewModel */,
				D24149BC2A86B04100E40EBB /* ProfileView */,
				D24149BE2A86B04100E40EBB /* Models */,
			);
			path = Profile;
			sourceTree = "<group>";
		};
		D24149BA2A86B04100E40EBB /* ProfileViewModel */ = {
			isa = PBXGroup;
			children = (
				D24149BB2A86B04100E40EBB /* ProfileViewModel.swift */,
			);
			path = ProfileViewModel;
			sourceTree = "<group>";
		};
		D24149BC2A86B04100E40EBB /* ProfileView */ = {
			isa = PBXGroup;
			children = (
				D24149BD2A86B04100E40EBB /* ProfileView.swift */,
			);
			path = ProfileView;
			sourceTree = "<group>";
		};
		D24149BE2A86B04100E40EBB /* Models */ = {
			isa = PBXGroup;
			children = (
				D24149BF2A86B04100E40EBB /* Profile.swift */,
			);
			path = Models;
			sourceTree = "<group>";
		};
		D24149CB2A86F6DD00E40EBB /* SignUp */ = {
			isa = PBXGroup;
			children = (
				D24149CC2A86F6DD00E40EBB /* SignUpView */,
				D24149CE2A86F6DD00E40EBB /* Models */,
				D24149D02A86F6DD00E40EBB /* SignUpViewModel */,
			);
			path = SignUp;
			sourceTree = "<group>";
		};
		D24149CC2A86F6DD00E40EBB /* SignUpView */ = {
			isa = PBXGroup;
			children = (
				D24149CD2A86F6DD00E40EBB /* SignUpView.swift */,
			);
			path = SignUpView;
			sourceTree = "<group>";
		};
		D24149CE2A86F6DD00E40EBB /* Models */ = {
			isa = PBXGroup;
			children = (
				D24149CF2A86F6DD00E40EBB /* SignUpModel.swift */,
			);
			path = Models;
			sourceTree = "<group>";
		};
		D24149D02A86F6DD00E40EBB /* SignUpViewModel */ = {
			isa = PBXGroup;
			children = (
				D24149D12A86F6DD00E40EBB /* SignUpViewModel.swift */,
			);
			path = SignUpViewModel;
			sourceTree = "<group>";
		};
		D24883522A9D603A006BC149 /* Emergency */ = {
			isa = PBXGroup;
			children = (
				D24883532A9D603A006BC149 /* EmergencyViewModel */,
				D24883552A9D603A006BC149 /* Models */,
				D24883572A9D603A006BC149 /* EmergencyView */,
			);
			path = Emergency;
			sourceTree = "<group>";
		};
		D24883532A9D603A006BC149 /* EmergencyViewModel */ = {
			isa = PBXGroup;
			children = (
				D24883542A9D603A006BC149 /* EmergencyViewModel.swift */,
			);
			path = EmergencyViewModel;
			sourceTree = "<group>";
		};
		D24883552A9D603A006BC149 /* Models */ = {
			isa = PBXGroup;
			children = (
				D24883562A9D603A006BC149 /* OfficeModel.swift */,
				D2FF36BE2AA0055300234BCA /* MapViewPin.swift */,
			);
			path = Models;
			sourceTree = "<group>";
		};
		D24883572A9D603A006BC149 /* EmergencyView */ = {
			isa = PBXGroup;
			children = (
				D24883582A9D603A006BC149 /* EmergencyView.swift */,
				D2DB53B52AAA4175004D3B49 /* MapLocationIconsView.swift */,
			);
			path = EmergencyView;
			sourceTree = "<group>";
		};
		D2494A3C2AA15FE500A944A2 /* Veterinarian */ = {
			isa = PBXGroup;
			children = (
				D2494A3D2AA15FE500A944A2 /* VeterinarianViewModel */,
				D2494A3F2AA15FE500A944A2 /* VeterinarianView */,
				D2494A412AA15FE500A944A2 /* Models */,
			);
			path = Veterinarian;
			sourceTree = "<group>";
		};
		D2494A3D2AA15FE500A944A2 /* VeterinarianViewModel */ = {
			isa = PBXGroup;
			children = (
				D2494A3E2AA15FE500A944A2 /* VeterinarianViewModel.swift */,
			);
			path = VeterinarianViewModel;
			sourceTree = "<group>";
		};
		D2494A3F2AA15FE500A944A2 /* VeterinarianView */ = {
			isa = PBXGroup;
			children = (
				D2494A402AA15FE500A944A2 /* VeterinarianView.swift */,
				D2494A4C2AA22E7600A944A2 /* VeterianCardCell.swift */,
				D28BD5992AA8E81300320204 /* VeterianFilterChipsView.swift */,
				D28BD5AB2AA92BF200320204 /* VeterianImageView.swift */,
			);
			path = VeterinarianView;
			sourceTree = "<group>";
		};
		D2494A412AA15FE500A944A2 /* Models */ = {
			isa = PBXGroup;
			children = (
				D2494A502AA24EC700A944A2 /* FilterSectorModel.swift */,
			);
			path = Models;
			sourceTree = "<group>";
		};
		D24EE5FD2A8F2BA0008E3013 /* Home */ = {
			isa = PBXGroup;
			children = (
				D24EE5FE2A8F2BA0008E3013 /* HomeViewModel */,
				D24EE6002A8F2BA0008E3013 /* Models */,
				D24EE6022A8F2BA0008E3013 /* HomeView */,
			);
			path = Home;
			sourceTree = "<group>";
		};
		D24EE5FE2A8F2BA0008E3013 /* HomeViewModel */ = {
			isa = PBXGroup;
			children = (
				D24EE5FF2A8F2BA0008E3013 /* HomeViewModel.swift */,
			);
			path = HomeViewModel;
			sourceTree = "<group>";
		};
		D24EE6002A8F2BA0008E3013 /* Models */ = {
			isa = PBXGroup;
			children = (
				D24EE6012A8F2BA0008E3013 /* UserModel.swift */,
				D22E84312A9436C200196AF6 /* PetModel.swift */,
				D248834E2A9AE12D006BC149 /* CiteModel.swift */,
			);
			path = Models;
			sourceTree = "<group>";
		};
		D24EE6022A8F2BA0008E3013 /* HomeView */ = {
			isa = PBXGroup;
			children = (
				D24EE6032A8F2BA0008E3013 /* HomeView.swift */,
				D2494A342AA1073B00A944A2 /* HomeBottomSheet.swift */,
				D2494A362AA1156000A944A2 /* HomeBottomSheetCell.swift */,
			);
			path = HomeView;
			sourceTree = "<group>";
		};
		D26B63A52A8BCDD500A843D2 /* PetRegister */ = {
			isa = PBXGroup;
			children = (
				D26B63A62A8BCDD500A843D2 /* Models */,
				D26B63A82A8BCDD500A843D2 /* PetRegisterViewModel */,
				D26B63AA2A8BCDD500A843D2 /* PetRegisterView */,
			);
			path = PetRegister;
			sourceTree = "<group>";
		};
		D26B63A62A8BCDD500A843D2 /* Models */ = {
			isa = PBXGroup;
			children = (
				D26B63A72A8BCDD500A843D2 /* PetRegister.swift */,
				D2494A382AA15E5300A944A2 /* PetType.swift */,
			);
			path = Models;
			sourceTree = "<group>";
		};
		D26B63A82A8BCDD500A843D2 /* PetRegisterViewModel */ = {
			isa = PBXGroup;
			children = (
				D26B63A92A8BCDD500A843D2 /* PetRegisterViewModel.swift */,
			);
			path = PetRegisterViewModel;
			sourceTree = "<group>";
		};
		D26B63AA2A8BCDD500A843D2 /* PetRegisterView */ = {
			isa = PBXGroup;
			children = (
				D26B63AB2A8BCDD500A843D2 /* PetRegisterView.swift */,
				D28A19CD2A8C35710024C517 /* ListSearch.swift */,
			);
			path = PetRegisterView;
			sourceTree = "<group>";
		};
		D27FA9FC2A830F4E00E0B93A = {
			isa = PBXGroup;
			children = (
				DB2DFB842B7DC92C0016DA32 /* Localizable.xcstrings */,
				D27FAA072A830F4E00E0B93A /* All_Pets */,
				D27FAA062A830F4E00E0B93A /* Products */,
				D204B41A2A8EBA4200DBD015 /* Frameworks */,
			);
			sourceTree = "<group>";
		};
		D27FAA062A830F4E00E0B93A /* Products */ = {
			isa = PBXGroup;
			children = (
				D27FAA052A830F4E00E0B93A /* All_Pets.app */,
			);
			name = Products;
			sourceTree = "<group>";
		};
		D27FAA072A830F4E00E0B93A /* All_Pets */ = {
			isa = PBXGroup;
			children = (
				D201FCAB2A83F35A002C1EBA /* Components */,
				D201FCAA2A83F34D002C1EBA /* Helpers */,
				D27FAA082A830F4E00E0B93A /* All_PetsApp.swift */,
				D27FAA0A2A830F4E00E0B93A /* ContentView.swift */,
				D27FAA0C2A830F5000E0B93A /* Assets.xcassets */,
				D2D8232D2A831C490060CDA7 /* GoogleService-Info.plist */,
				D27FAA0E2A830F5000E0B93A /* Preview Content */,
			);
			path = All_Pets;
			sourceTree = "<group>";
		};
		D27FAA0E2A830F5000E0B93A /* Preview Content */ = {
			isa = PBXGroup;
			children = (
				D27FAA0F2A830F5000E0B93A /* Preview Assets.xcassets */,
			);
			path = "Preview Content";
			sourceTree = "<group>";
		};
		D28BD5A12AA90E0200320204 /* VeterinarianDetail */ = {
			isa = PBXGroup;
			children = (
				D28BD5A22AA90E0200320204 /* VeterinarianDetailViewModel */,
				D28BD5A42AA90E0200320204 /* VeterinarianDetailView */,
				D28BD5A62AA90E0200320204 /* Models */,
			);
			path = VeterinarianDetail;
			sourceTree = "<group>";
		};
		D28BD5A22AA90E0200320204 /* VeterinarianDetailViewModel */ = {
			isa = PBXGroup;
			children = (
				D28BD5A32AA90E0200320204 /* VeterinarianDetailViewModel.swift */,
			);
			path = VeterinarianDetailViewModel;
			sourceTree = "<group>";
		};
		D28BD5A42AA90E0200320204 /* VeterinarianDetailView */ = {
			isa = PBXGroup;
			children = (
				D28BD5A52AA90E0200320204 /* VeterinarianDetailView.swift */,
			);
			path = VeterinarianDetailView;
			sourceTree = "<group>";
		};
		D28BD5A62AA90E0200320204 /* Models */ = {
			isa = PBXGroup;
			children = (
				D28BD5A72AA90E0200320204 /* VeterinarianDetail.swift */,
			);
			path = Models;
			sourceTree = "<group>";
		};
		D28C75B72AD4BC910013E213 /* Explore */ = {
			isa = PBXGroup;
			children = (
				D28C75B82AD4BC910013E213 /* ExploreView */,
				D28C75BA2AD4BC910013E213 /* ExploreViewModel */,
				D28C75BC2AD4BC910013E213 /* Models */,
			);
			path = Explore;
			sourceTree = "<group>";
		};
		D28C75B82AD4BC910013E213 /* ExploreView */ = {
			isa = PBXGroup;
			children = (
				D28C75B92AD4BC910013E213 /* ExploreView.swift */,
			);
			path = ExploreView;
			sourceTree = "<group>";
		};
		D28C75BA2AD4BC910013E213 /* ExploreViewModel */ = {
			isa = PBXGroup;
			children = (
				D28C75BB2AD4BC910013E213 /* ExploreViewModel.swift */,
			);
			path = ExploreViewModel;
			sourceTree = "<group>";
		};
		D28C75BC2AD4BC910013E213 /* Models */ = {
			isa = PBXGroup;
			children = (
				D28C75BD2AD4BC910013E213 /* Explore.swift */,
			);
			path = Models;
			sourceTree = "<group>";
		};
		D29F03822A99C7A300C455F2 /* VaccinationCard */ = {
			isa = PBXGroup;
			children = (
				D29F03832A99C7A300C455F2 /* VaccinationCardViewModel */,
				D29F03852A99C7A300C455F2 /* Models */,
				D29F03872A99C7A300C455F2 /* VaccinationCardView */,
			);
			path = VaccinationCard;
			sourceTree = "<group>";
		};
		D29F03832A99C7A300C455F2 /* VaccinationCardViewModel */ = {
			isa = PBXGroup;
			children = (
				D29F03842A99C7A300C455F2 /* VaccinationCardViewModel.swift */,
			);
			path = VaccinationCardViewModel;
			sourceTree = "<group>";
		};
		D29F03852A99C7A300C455F2 /* Models */ = {
			isa = PBXGroup;
			children = (
				D29F03862A99C7A300C455F2 /* VaccinationCard.swift */,
			);
			path = Models;
			sourceTree = "<group>";
		};
		D29F03872A99C7A300C455F2 /* VaccinationCardView */ = {
			isa = PBXGroup;
			children = (
				D29F03882A99C7A300C455F2 /* VaccinationCardView.swift */,
				D248834C2A9AC722006BC149 /* VaccinationCellView.swift */,
			);
			path = VaccinationCardView;
			sourceTree = "<group>";
		};
		D2AC45572A84017E003958FC /* NetworkingProvider */ = {
			isa = PBXGroup;
			children = (
				D2AC456D2A846699003958FC /* UseCases */,
				D2AC455F2A8403F2003958FC /* Abstractions */,
				D2AC45582A840184003958FC /* Errors */,
				D2AC455D2A840288003958FC /* RequestType.swift */,
				D2AC45642A8406F9003958FC /* NetworkingProviderService.swift */,
				D2D928562A889FC0009C5FEE /* Endpoint.swift */,
			);
			path = NetworkingProvider;
			sourceTree = "<group>";
		};
		D2AC45582A840184003958FC /* Errors */ = {
			isa = PBXGroup;
			children = (
				D2AC45592A840229003958FC /* NetworkingClientErrors.swift */,
				D2AC455B2A840241003958FC /* NetworkingServerErrors.swift */,
			);
			path = Errors;
			sourceTree = "<group>";
		};
		D2AC455F2A8403F2003958FC /* Abstractions */ = {
			isa = PBXGroup;
			children = (
				D2AC45602A84061A003958FC /* Fetcher.swift */,
				D2AC45662A84081F003958FC /* ProviderServiceProtocols.swift */,
			);
			path = Abstractions;
			sourceTree = "<group>";
		};
		D2AC45682A8409BC003958FC /* Extensions */ = {
			isa = PBXGroup;
			children = (
				D2AC45692A8409CB003958FC /* Array+Extension.swift */,
				D2AC456B2A840A23003958FC /* ObservableObject+Extension.swift */,
				D24883482A9AAB66006BC149 /* View+Extension.swift */,
				D2321F372AD244D2007A5E58 /* Date+Extension.swift */,
			);
			path = Extensions;
			sourceTree = "<group>";
		};
		D2AC456D2A846699003958FC /* UseCases */ = {
			isa = PBXGroup;
			children = (
				DB66F1F82B7EBE6800BCA025 /* RemoteUseCase */,
			);
			path = UseCases;
			sourceTree = "<group>";
		};
		D2AF11BB2ABE1DB600DD72E8 /* CreateAppointment */ = {
			isa = PBXGroup;
			children = (
				D2AF11BE2ABE1DB600DD72E8 /* CreateAppointmentViewModel */,
				D2AF11C02ABE1DB600DD72E8 /* CreateAppointmentView */,
			);
			path = CreateAppointment;
			sourceTree = "<group>";
		};
		D2AF11BE2ABE1DB600DD72E8 /* CreateAppointmentViewModel */ = {
			isa = PBXGroup;
			children = (
				D2AF11BF2ABE1DB600DD72E8 /* CreateAppointmentViewModel.swift */,
			);
			path = CreateAppointmentViewModel;
			sourceTree = "<group>";
		};
		D2AF11C02ABE1DB600DD72E8 /* CreateAppointmentView */ = {
			isa = PBXGroup;
			children = (
				D2AF11C12ABE1DB600DD72E8 /* CreateAppointmentView.swift */,
			);
			path = CreateAppointmentView;
			sourceTree = "<group>";
		};
		D2AFE15E2AA57F0F00B44FB4 /* FilterChips */ = {
			isa = PBXGroup;
			children = (
				D2AFE15F2AA57F2B00B44FB4 /* ChipView.swift */,
				D2AFE1612AA5820D00B44FB4 /* ChipModel.swift */,
				D2AFE1632AA5827400B44FB4 /* ChipContainerView.swift */,
			);
			path = FilterChips;
			sourceTree = "<group>";
		};
		D2B385F72AC24F460051EDF7 /* SessionInfo */ = {
			isa = PBXGroup;
			children = (
				D2B385F82AC24F660051EDF7 /* SessionInfo.swift */,
			);
			path = SessionInfo;
			sourceTree = "<group>";
		};
		D2E6F80C2A84A6190074D84E /* Generics */ = {
			isa = PBXGroup;
			children = (
				D2AFE15E2AA57F0F00B44FB4 /* FilterChips */,
				D2E6F80D2A84A6290074D84E /* Loader.swift */,
				D2E6F8162A855AED0074D84E /* Modifiers.swift */,
				D24149B52A85AC6200E40EBB /* HubView.swift */,
				D24149C52A86E57E00E40EBB /* ShorOrHideButton.swift */,
				D28A19CF2A8C56B50024C517 /* ImagePicker.swift */,
				D2494A482AA1698700A944A2 /* UserHasLocation.swift */,
				D2494A4E2AA22F4200A944A2 /* FilterView.swift */,
				D28BD5AD2AA94CA500320204 /* ImageSliderView.swift */,
			);
			path = Generics;
			sourceTree = "<group>";
		};
		D2E6F80F2A84A65E0074D84E /* Localized */ = {
			isa = PBXGroup;
			children = (
				D2E6F8182A855C4E0074D84E /* Constants.swift */,
			);
			path = Localized;
			sourceTree = "<group>";
		};
		D2F751FC2A83E3B7000AAE77 /* FunctionalUtilities */ = {
			isa = PBXGroup;
			children = (
				D2F8C3B12A83E3FD0078E65B /* AppEnviroment.swift */,
			);
			path = FunctionalUtilities;
			sourceTree = "<group>";
		};
		DB66F1F82B7EBE6800BCA025 /* RemoteUseCase */ = {
			isa = PBXGroup;
			children = (
				D2E6F81A2A85655A0074D84E /* AuthPreLoginUseCase.swift */,
				D24149C32A86B08A00E40EBB /* SignUpUseCase.swift */,
				D24149C72A86E76500E40EBB /* SignOutUseCase.swift */,
				D28A19CB2A8C01920024C517 /* PetRegisterUseCase.swift */,
				D24EE6072A8FC370008E3013 /* HomeUseCase.swift */,
				D29F038C2A99CA7400C455F2 /* VaccinationCardUseCase.swift */,
				D248835C2A9D6212006BC149 /* EmergencyUseCase.swift */,
				D2494A462AA1607F00A944A2 /* VeterianUseCase.swift */,
				D2B385FA2AC2648B0051EDF7 /* SessionInfoUseCase.swift */,
				D2321F352AD21CF3007A5E58 /* CreateAppoimentUseCase.swift */,
				D28C75C12AD4BD700013E213 /* ExploreUseCase.swift */,
				DB66F2002B7EEA7600BCA025 /* ForgotPasswordUseCase.swift */,
			);
			path = RemoteUseCase;
			sourceTree = "<group>";
		};
		DB66F1F92B7EC2AB00BCA025 /* ForgotPassword */ = {
			isa = PBXGroup;
			children = (
				DB66F1FB2B7EC3C200BCA025 /* ForgotPasswordViewModel */,
				DB66F1FA2B7EC3BD00BCA025 /* ForgotPasswordView */,
			);
			path = ForgotPassword;
			sourceTree = "<group>";
		};
		DB66F1FA2B7EC3BD00BCA025 /* ForgotPasswordView */ = {
			isa = PBXGroup;
			children = (
				DB66F1FE2B7EC3FE00BCA025 /* ForgotPasswordView.swift */,
			);
			path = ForgotPasswordView;
			sourceTree = "<group>";
		};
		DB66F1FB2B7EC3C200BCA025 /* ForgotPasswordViewModel */ = {
			isa = PBXGroup;
			children = (
				DB66F1FC2B7EC3F000BCA025 /* ForgotPasswordViewModel.swift */,
			);
			path = ForgotPasswordViewModel;
			sourceTree = "<group>";
		};
/* End PBXGroup section */

/* Begin PBXNativeTarget section */
		D27FAA042A830F4E00E0B93A /* All_Pets */ = {
			isa = PBXNativeTarget;
			buildConfigurationList = D27FAA132A830F5000E0B93A /* Build configuration list for PBXNativeTarget "All_Pets" */;
			buildPhases = (
				D27FAA012A830F4E00E0B93A /* Sources */,
				D27FAA022A830F4E00E0B93A /* Frameworks */,
				D27FAA032A830F4E00E0B93A /* Resources */,
			);
			buildRules = (
			);
			dependencies = (
			);
			name = All_Pets;
			packageProductDependencies = (
				DB1932CE2B85B26A005E74E8 /* AllPetsCommons */,
				DBC83EB32B8C005A00E7C560 /* AllPetsColors */,
				DBC83EB52B8C005A00E7C560 /* AllPetsFunctionalUtilities */,
				DBC83EB72B8C005A00E7C560 /* AllPetsImages */,
				DBC83EB92B8C005A00E7C560 /* AllPetsLocalizable */,
				DBC83EBB2B8C005A00E7C560 /* AllPetsNetworkProvider */,
			);
			productName = All_Pets;
			productReference = D27FAA052A830F4E00E0B93A /* All_Pets.app */;
			productType = "com.apple.product-type.application";
		};
/* End PBXNativeTarget section */

/* Begin PBXProject section */
		D27FA9FD2A830F4E00E0B93A /* Project object */ = {
			isa = PBXProject;
			attributes = {
				BuildIndependentTargetsInParallel = 1;
				LastSwiftUpdateCheck = 1410;
				LastUpgradeCheck = 1410;
				TargetAttributes = {
					D27FAA042A830F4E00E0B93A = {
						CreatedOnToolsVersion = 14.1;
					};
				};
			};
			buildConfigurationList = D27FAA002A830F4E00E0B93A /* Build configuration list for PBXProject "All_Pets" */;
			compatibilityVersion = "Xcode 14.0";
			developmentRegion = en;
			hasScannedForEncodings = 0;
			knownRegions = (
				en,
				Base,
				"es-419",
			);
			mainGroup = D27FA9FC2A830F4E00E0B93A;
			packageReferences = (
				DB1932CD2B85B26A005E74E8 /* XCRemoteSwiftPackageReference "All_Pets_Commons" */,
			);
			productRefGroup = D27FAA062A830F4E00E0B93A /* Products */;
			projectDirPath = "";
			projectRoot = "";
			targets = (
				D27FAA042A830F4E00E0B93A /* All_Pets */,
			);
		};
/* End PBXProject section */

/* Begin PBXResourcesBuildPhase section */
		D27FAA032A830F4E00E0B93A /* Resources */ = {
			isa = PBXResourcesBuildPhase;
			buildActionMask = 2147483647;
			files = (
				D27FAA102A830F5000E0B93A /* Preview Assets.xcassets in Resources */,
				D27FAA0D2A830F5000E0B93A /* Assets.xcassets in Resources */,
				DB2DFB852B7DC92C0016DA32 /* Localizable.xcstrings in Resources */,
				D2D8232E2A831C490060CDA7 /* GoogleService-Info.plist in Resources */,
			);
			runOnlyForDeploymentPostprocessing = 0;
		};
/* End PBXResourcesBuildPhase section */

/* Begin PBXSourcesBuildPhase section */
		D27FAA012A830F4E00E0B93A /* Sources */ = {
			isa = PBXSourcesBuildPhase;
			buildActionMask = 2147483647;
			files = (
				D24149B12A8569E800E40EBB /* LoginViewModel.swift in Sources */,
				D24149C82A86E76500E40EBB /* SignOutUseCase.swift in Sources */,
				D248834F2A9AE12D006BC149 /* CiteModel.swift in Sources */,
				D2E143E72A83F9780096457C /* AuthLoginView.swift in Sources */,
				D22E84322A9436C200196AF6 /* PetModel.swift in Sources */,
				D248835A2A9D603A006BC149 /* OfficeModel.swift in Sources */,
				D24149C22A86B04100E40EBB /* Profile.swift in Sources */,
				D24149B62A85AC6200E40EBB /* HubView.swift in Sources */,
				D24EE6062A8F2BA0008E3013 /* HomeView.swift in Sources */,
				D2FF36BF2AA0055300234BCA /* MapViewPin.swift in Sources */,
				D28C75BE2AD4BC910013E213 /* ExploreView.swift in Sources */,
				D28A19CE2A8C35710024C517 /* ListSearch.swift in Sources */,
				D28C75BF2AD4BC910013E213 /* ExploreViewModel.swift in Sources */,
				D2DB53B62AAA4175004D3B49 /* MapLocationIconsView.swift in Sources */,
				D24149C02A86B04100E40EBB /* ProfileViewModel.swift in Sources */,
				D24EE6082A8FC370008E3013 /* HomeUseCase.swift in Sources */,
				D28BD5A82AA90E0200320204 /* VeterinarianDetailViewModel.swift in Sources */,
				D28BD59A2AA8E81300320204 /* VeterianFilterChipsView.swift in Sources */,
				D2AF11C32ABE1DB600DD72E8 /* CreateAppointmentViewModel.swift in Sources */,
				D2E143E92A83FB270096457C /* AuthLoginViewModel.swift in Sources */,
				DB66F2012B7EEA7600BCA025 /* ForgotPasswordUseCase.swift in Sources */,
				D2AC455A2A840229003958FC /* NetworkingClientErrors.swift in Sources */,
				D2AC45612A84061A003958FC /* Fetcher.swift in Sources */,
				D2494A472AA1607F00A944A2 /* VeterianUseCase.swift in Sources */,
				D2AF11C42ABE1DB600DD72E8 /* CreateAppointmentView.swift in Sources */,
				D2AC455C2A840241003958FC /* NetworkingServerErrors.swift in Sources */,
				D2494A372AA1156000A944A2 /* HomeBottomSheetCell.swift in Sources */,
				D24149C62A86E57E00E40EBB /* ShorOrHideButton.swift in Sources */,
				D2E6F8172A855AED0074D84E /* Modifiers.swift in Sources */,
				D2494A432AA15FE500A944A2 /* VeterinarianViewModel.swift in Sources */,
				D248834D2A9AC722006BC149 /* VaccinationCellView.swift in Sources */,
				D28BD5AE2AA94CA500320204 /* ImageSliderView.swift in Sources */,
				D2D928572A889FC0009C5FEE /* Endpoint.swift in Sources */,
				D24149C12A86B04100E40EBB /* ProfileView.swift in Sources */,
				D2AFE1622AA5820D00B44FB4 /* ChipModel.swift in Sources */,
				DB66F1FF2B7EC3FE00BCA025 /* ForgotPasswordView.swift in Sources */,
				D28BD5AC2AA92BF200320204 /* VeterianImageView.swift in Sources */,
				D29F038D2A99CA7400C455F2 /* VaccinationCardUseCase.swift in Sources */,
				D2494A512AA24EC700A944A2 /* FilterSectorModel.swift in Sources */,
				D248835B2A9D603A006BC149 /* EmergencyView.swift in Sources */,
				D28A19D02A8C56B50024C517 /* ImagePicker.swift in Sources */,
				D2B385F92AC24F660051EDF7 /* SessionInfo.swift in Sources */,
				D24149D22A86F6DD00E40EBB /* SignUpView.swift in Sources */,
				D28BD5AA2AA90E0200320204 /* VeterinarianDetail.swift in Sources */,
				DB66F1FD2B7EC3F000BCA025 /* ForgotPasswordViewModel.swift in Sources */,
				D27FAA0B2A830F4E00E0B93A /* ContentView.swift in Sources */,
				D24149B02A8569E800E40EBB /* Login.swift in Sources */,
				D26B63AE2A8BCDD500A843D2 /* PetRegisterView.swift in Sources */,
				D28C75C02AD4BC910013E213 /* Explore.swift in Sources */,
				D21985BA2AB4C78F005B1391 /* String+Extension.swift in Sources */,
				D2F8C3B22A83E3FD0078E65B /* AppEnviroment.swift in Sources */,
				D28C75C22AD4BD700013E213 /* ExploreUseCase.swift in Sources */,
				D27FAA092A830F4E00E0B93A /* All_PetsApp.swift in Sources */,
				D28A19CC2A8C01920024C517 /* PetRegisterUseCase.swift in Sources */,
				D28BD5A92AA90E0200320204 /* VeterinarianDetailView.swift in Sources */,
				D2494A392AA15E5300A944A2 /* PetType.swift in Sources */,
				D2E143EB2A83FB480096457C /* AuthSections.swift in Sources */,
				D2AFE1642AA5827400B44FB4 /* ChipContainerView.swift in Sources */,
				D2321F362AD21CF3007A5E58 /* CreateAppoimentUseCase.swift in Sources */,
				D29F03892A99C7A300C455F2 /* VaccinationCardViewModel.swift in Sources */,
				D2494A4D2AA22E7600A944A2 /* VeterianCardCell.swift in Sources */,
				D26B63AC2A8BCDD500A843D2 /* PetRegister.swift in Sources */,
				D2AC45652A8406F9003958FC /* NetworkingProviderService.swift in Sources */,
				D2494A4F2AA22F4200A944A2 /* FilterView.swift in Sources */,
				D29F038A2A99C7A300C455F2 /* VaccinationCard.swift in Sources */,
				D2321F382AD244D2007A5E58 /* Date+Extension.swift in Sources */,
				D2494A492AA1698700A944A2 /* UserHasLocation.swift in Sources */,
				D2AC456A2A8409CB003958FC /* Array+Extension.swift in Sources */,
				D2AC455E2A840288003958FC /* RequestType.swift in Sources */,
				D2E6F8192A855C4E0074D84E /* Constants.swift in Sources */,
				D2B385FB2AC2648B0051EDF7 /* SessionInfoUseCase.swift in Sources */,
				D2AFE1602AA57F2B00B44FB4 /* ChipView.swift in Sources */,
				D24883492A9AAB66006BC149 /* View+Extension.swift in Sources */,
				D24149C42A86B08A00E40EBB /* SignUpUseCase.swift in Sources */,
				D24149D42A86F6DD00E40EBB /* SignUpViewModel.swift in Sources */,
				D2AC456C2A840A23003958FC /* ObservableObject+Extension.swift in Sources */,
				D2E6F81B2A85655A0074D84E /* AuthPreLoginUseCase.swift in Sources */,
				D24149B42A85A92100E40EBB /* LoginFormView.swift in Sources */,
				D24EE6042A8F2BA0008E3013 /* HomeViewModel.swift in Sources */,
				D2E6F80E2A84A6290074D84E /* Loader.swift in Sources */,
				D2494A442AA15FE500A944A2 /* VeterinarianView.swift in Sources */,
				D2494A352AA1073B00A944A2 /* HomeBottomSheet.swift in Sources */,
				D24EE6052A8F2BA0008E3013 /* UserModel.swift in Sources */,
				D29F038B2A99C7A300C455F2 /* VaccinationCardView.swift in Sources */,
				D2AC45672A84081F003958FC /* ProviderServiceProtocols.swift in Sources */,
				D26B63AD2A8BCDD500A843D2 /* PetRegisterViewModel.swift in Sources */,
				D24883592A9D603A006BC149 /* EmergencyViewModel.swift in Sources */,
				D248835D2A9D6212006BC149 /* EmergencyUseCase.swift in Sources */,
				D24149D32A86F6DD00E40EBB /* SignUpModel.swift in Sources */,
			);
			runOnlyForDeploymentPostprocessing = 0;
		};
/* End PBXSourcesBuildPhase section */

/* Begin XCBuildConfiguration section */
		D27FAA112A830F5000E0B93A /* Development */ = {
			isa = XCBuildConfiguration;
			buildSettings = {
				ALWAYS_SEARCH_USER_PATHS = NO;
				CLANG_ANALYZER_NONNULL = YES;
				CLANG_ANALYZER_NUMBER_OBJECT_CONVERSION = YES_AGGRESSIVE;
				CLANG_CXX_LANGUAGE_STANDARD = "gnu++20";
				CLANG_ENABLE_MODULES = YES;
				CLANG_ENABLE_OBJC_ARC = YES;
				CLANG_ENABLE_OBJC_WEAK = YES;
				CLANG_WARN_BLOCK_CAPTURE_AUTORELEASING = YES;
				CLANG_WARN_BOOL_CONVERSION = YES;
				CLANG_WARN_COMMA = YES;
				CLANG_WARN_CONSTANT_CONVERSION = YES;
				CLANG_WARN_DEPRECATED_OBJC_IMPLEMENTATIONS = YES;
				CLANG_WARN_DIRECT_OBJC_ISA_USAGE = YES_ERROR;
				CLANG_WARN_DOCUMENTATION_COMMENTS = YES;
				CLANG_WARN_EMPTY_BODY = YES;
				CLANG_WARN_ENUM_CONVERSION = YES;
				CLANG_WARN_INFINITE_RECURSION = YES;
				CLANG_WARN_INT_CONVERSION = YES;
				CLANG_WARN_NON_LITERAL_NULL_CONVERSION = YES;
				CLANG_WARN_OBJC_IMPLICIT_RETAIN_SELF = YES;
				CLANG_WARN_OBJC_LITERAL_CONVERSION = YES;
				CLANG_WARN_OBJC_ROOT_CLASS = YES_ERROR;
				CLANG_WARN_QUOTED_INCLUDE_IN_FRAMEWORK_HEADER = YES;
				CLANG_WARN_RANGE_LOOP_ANALYSIS = YES;
				CLANG_WARN_STRICT_PROTOTYPES = YES;
				CLANG_WARN_SUSPICIOUS_MOVE = YES;
				CLANG_WARN_UNGUARDED_AVAILABILITY = YES_AGGRESSIVE;
				CLANG_WARN_UNREACHABLE_CODE = YES;
				CLANG_WARN__DUPLICATE_METHOD_MATCH = YES;
				COPY_PHASE_STRIP = NO;
				DEBUG_INFORMATION_FORMAT = dwarf;
				ENABLE_STRICT_OBJC_MSGSEND = YES;
				ENABLE_TESTABILITY = YES;
				GCC_C_LANGUAGE_STANDARD = gnu11;
				GCC_DYNAMIC_NO_PIC = NO;
				GCC_NO_COMMON_BLOCKS = YES;
				GCC_OPTIMIZATION_LEVEL = 0;
				GCC_PREPROCESSOR_DEFINITIONS = (
					"DEBUG=1",
					"$(inherited)",
				);
				GCC_WARN_64_TO_32_BIT_CONVERSION = YES;
				GCC_WARN_ABOUT_RETURN_TYPE = YES_ERROR;
				GCC_WARN_UNDECLARED_SELECTOR = YES;
				GCC_WARN_UNINITIALIZED_AUTOS = YES_AGGRESSIVE;
				GCC_WARN_UNUSED_FUNCTION = YES;
				GCC_WARN_UNUSED_VARIABLE = YES;
				IPHONEOS_DEPLOYMENT_TARGET = 16.1;
				MTL_ENABLE_DEBUG_INFO = INCLUDE_SOURCE;
				MTL_FAST_MATH = YES;
				ONLY_ACTIVE_ARCH = YES;
				SDKROOT = iphoneos;
				SWIFT_ACTIVE_COMPILATION_CONDITIONS = DEVELOPMENT;
				SWIFT_OPTIMIZATION_LEVEL = "-Onone";
			};
			name = Development;
		};
		D27FAA122A830F5000E0B93A /* Production */ = {
			isa = XCBuildConfiguration;
			buildSettings = {
				ALWAYS_SEARCH_USER_PATHS = NO;
				CLANG_ANALYZER_NONNULL = YES;
				CLANG_ANALYZER_NUMBER_OBJECT_CONVERSION = YES_AGGRESSIVE;
				CLANG_CXX_LANGUAGE_STANDARD = "gnu++20";
				CLANG_ENABLE_MODULES = YES;
				CLANG_ENABLE_OBJC_ARC = YES;
				CLANG_ENABLE_OBJC_WEAK = YES;
				CLANG_WARN_BLOCK_CAPTURE_AUTORELEASING = YES;
				CLANG_WARN_BOOL_CONVERSION = YES;
				CLANG_WARN_COMMA = YES;
				CLANG_WARN_CONSTANT_CONVERSION = YES;
				CLANG_WARN_DEPRECATED_OBJC_IMPLEMENTATIONS = YES;
				CLANG_WARN_DIRECT_OBJC_ISA_USAGE = YES_ERROR;
				CLANG_WARN_DOCUMENTATION_COMMENTS = YES;
				CLANG_WARN_EMPTY_BODY = YES;
				CLANG_WARN_ENUM_CONVERSION = YES;
				CLANG_WARN_INFINITE_RECURSION = YES;
				CLANG_WARN_INT_CONVERSION = YES;
				CLANG_WARN_NON_LITERAL_NULL_CONVERSION = YES;
				CLANG_WARN_OBJC_IMPLICIT_RETAIN_SELF = YES;
				CLANG_WARN_OBJC_LITERAL_CONVERSION = YES;
				CLANG_WARN_OBJC_ROOT_CLASS = YES_ERROR;
				CLANG_WARN_QUOTED_INCLUDE_IN_FRAMEWORK_HEADER = YES;
				CLANG_WARN_RANGE_LOOP_ANALYSIS = YES;
				CLANG_WARN_STRICT_PROTOTYPES = YES;
				CLANG_WARN_SUSPICIOUS_MOVE = YES;
				CLANG_WARN_UNGUARDED_AVAILABILITY = YES_AGGRESSIVE;
				CLANG_WARN_UNREACHABLE_CODE = YES;
				CLANG_WARN__DUPLICATE_METHOD_MATCH = YES;
				COPY_PHASE_STRIP = NO;
				DEBUG_INFORMATION_FORMAT = "dwarf-with-dsym";
				ENABLE_NS_ASSERTIONS = NO;
				ENABLE_STRICT_OBJC_MSGSEND = YES;
				GCC_C_LANGUAGE_STANDARD = gnu11;
				GCC_NO_COMMON_BLOCKS = YES;
				GCC_WARN_64_TO_32_BIT_CONVERSION = YES;
				GCC_WARN_ABOUT_RETURN_TYPE = YES_ERROR;
				GCC_WARN_UNDECLARED_SELECTOR = YES;
				GCC_WARN_UNINITIALIZED_AUTOS = YES_AGGRESSIVE;
				GCC_WARN_UNUSED_FUNCTION = YES;
				GCC_WARN_UNUSED_VARIABLE = YES;
				IPHONEOS_DEPLOYMENT_TARGET = 16.1;
				MTL_ENABLE_DEBUG_INFO = NO;
				MTL_FAST_MATH = YES;
				SDKROOT = iphoneos;
				SWIFT_ACTIVE_COMPILATION_CONDITIONS = PRODUCTION;
				SWIFT_COMPILATION_MODE = wholemodule;
				SWIFT_OPTIMIZATION_LEVEL = "-O";
				VALIDATE_PRODUCT = YES;
			};
			name = Production;
		};
		D27FAA142A830F5000E0B93A /* Development */ = {
			isa = XCBuildConfiguration;
			buildSettings = {
				ASSETCATALOG_COMPILER_APPICON_NAME = AppIcon;
				ASSETCATALOG_COMPILER_GLOBAL_ACCENT_COLOR_NAME = AccentColor;
				CODE_SIGN_IDENTITY = "Apple Development";
				CODE_SIGN_STYLE = Automatic;
				CURRENT_PROJECT_VERSION = 1;
				DEVELOPMENT_ASSET_PATHS = "\"All_Pets/Preview Content\"";
				DEVELOPMENT_TEAM = 4LM3CW9T6F;
				ENABLE_PREVIEWS = YES;
				GENERATE_INFOPLIST_FILE = YES;
				INFOPLIST_KEY_CFBundleDisplayName = "All pets";
				INFOPLIST_KEY_NSLocationWhenInUseUsageDescription = "Para mostrar los negocios cerca de usted, conceda permisos de localización.";
				INFOPLIST_KEY_UIApplicationSceneManifest_Generation = YES;
				INFOPLIST_KEY_UIApplicationSupportsIndirectInputEvents = YES;
				INFOPLIST_KEY_UILaunchScreen_Generation = YES;
				INFOPLIST_KEY_UISupportedInterfaceOrientations_iPad = "UIInterfaceOrientationPortrait UIInterfaceOrientationPortraitUpsideDown UIInterfaceOrientationLandscapeLeft UIInterfaceOrientationLandscapeRight";
				INFOPLIST_KEY_UISupportedInterfaceOrientations_iPhone = "UIInterfaceOrientationPortrait UIInterfaceOrientationLandscapeLeft UIInterfaceOrientationLandscapeRight";
				LD_RUNPATH_SEARCH_PATHS = (
					"$(inherited)",
					"@executable_path/Frameworks",
				);
				MARKETING_VERSION = 1.0;
				PRODUCT_BUNDLE_IDENTIFIER = "t00r.All-Pets";
				PRODUCT_NAME = "$(TARGET_NAME)";
				PROVISIONING_PROFILE_SPECIFIER = "";
				SUPPORTED_PLATFORMS = "iphoneos iphonesimulator";
				SUPPORTS_MACCATALYST = NO;
				SUPPORTS_MAC_DESIGNED_FOR_IPHONE_IPAD = NO;
				SWIFT_EMIT_LOC_STRINGS = YES;
				SWIFT_VERSION = 5.0;
				TARGETED_DEVICE_FAMILY = 1;
			};
			name = Development;
		};
		D27FAA152A830F5000E0B93A /* Production */ = {
			isa = XCBuildConfiguration;
			buildSettings = {
				ASSETCATALOG_COMPILER_APPICON_NAME = AppIcon;
				ASSETCATALOG_COMPILER_GLOBAL_ACCENT_COLOR_NAME = AccentColor;
				CODE_SIGN_IDENTITY = "Apple Development";
				CODE_SIGN_STYLE = Automatic;
				CURRENT_PROJECT_VERSION = 1;
				DEVELOPMENT_ASSET_PATHS = "\"All_Pets/Preview Content\"";
				DEVELOPMENT_TEAM = 4LM3CW9T6F;
				ENABLE_PREVIEWS = YES;
				GENERATE_INFOPLIST_FILE = YES;
				INFOPLIST_KEY_CFBundleDisplayName = "All pets";
				INFOPLIST_KEY_NSLocationWhenInUseUsageDescription = "Para mostrar los negocios cerca de usted, conceda permisos de localización.";
				INFOPLIST_KEY_UIApplicationSceneManifest_Generation = YES;
				INFOPLIST_KEY_UIApplicationSupportsIndirectInputEvents = YES;
				INFOPLIST_KEY_UILaunchScreen_Generation = YES;
				INFOPLIST_KEY_UISupportedInterfaceOrientations_iPad = "UIInterfaceOrientationPortrait UIInterfaceOrientationPortraitUpsideDown UIInterfaceOrientationLandscapeLeft UIInterfaceOrientationLandscapeRight";
				INFOPLIST_KEY_UISupportedInterfaceOrientations_iPhone = "UIInterfaceOrientationPortrait UIInterfaceOrientationLandscapeLeft UIInterfaceOrientationLandscapeRight";
				LD_RUNPATH_SEARCH_PATHS = (
					"$(inherited)",
					"@executable_path/Frameworks",
				);
				MARKETING_VERSION = 1.0;
				PRODUCT_BUNDLE_IDENTIFIER = "t00r.All-Pets";
				PRODUCT_NAME = "$(TARGET_NAME)";
				PROVISIONING_PROFILE_SPECIFIER = "";
				SUPPORTED_PLATFORMS = "iphoneos iphonesimulator";
				SUPPORTS_MACCATALYST = NO;
				SUPPORTS_MAC_DESIGNED_FOR_IPHONE_IPAD = NO;
				SWIFT_EMIT_LOC_STRINGS = YES;
				SWIFT_VERSION = 5.0;
				TARGETED_DEVICE_FAMILY = 1;
			};
			name = Production;
		};
/* End XCBuildConfiguration section */

/* Begin XCConfigurationList section */
		D27FAA002A830F4E00E0B93A /* Build configuration list for PBXProject "All_Pets" */ = {
			isa = XCConfigurationList;
			buildConfigurations = (
				D27FAA112A830F5000E0B93A /* Development */,
				D27FAA122A830F5000E0B93A /* Production */,
			);
			defaultConfigurationIsVisible = 0;
			defaultConfigurationName = Production;
		};
		D27FAA132A830F5000E0B93A /* Build configuration list for PBXNativeTarget "All_Pets" */ = {
			isa = XCConfigurationList;
			buildConfigurations = (
				D27FAA142A830F5000E0B93A /* Development */,
				D27FAA152A830F5000E0B93A /* Production */,
			);
			defaultConfigurationIsVisible = 0;
			defaultConfigurationName = Production;
		};
/* End XCConfigurationList section */

/* Begin XCRemoteSwiftPackageReference section */
		DB1932CD2B85B26A005E74E8 /* XCRemoteSwiftPackageReference "All_Pets_Commons" */ = {
			isa = XCRemoteSwiftPackageReference;
			repositoryURL = "https://github.com/toor-jerry/All_Pets_Commons.git";
			requirement = {
				branch = commons;
				kind = branch;
			};
		};
/* End XCRemoteSwiftPackageReference section */

/* Begin XCSwiftPackageProductDependency section */
		DB1932CE2B85B26A005E74E8 /* AllPetsCommons */ = {
			isa = XCSwiftPackageProductDependency;
			package = DB1932CD2B85B26A005E74E8 /* XCRemoteSwiftPackageReference "All_Pets_Commons" */;
			productName = AllPetsCommons;
		};
		DBC83EB32B8C005A00E7C560 /* AllPetsColors */ = {
			isa = XCSwiftPackageProductDependency;
			package = DB1932CD2B85B26A005E74E8 /* XCRemoteSwiftPackageReference "All_Pets_Commons" */;
			productName = AllPetsColors;
		};
		DBC83EB52B8C005A00E7C560 /* AllPetsFunctionalUtilities */ = {
			isa = XCSwiftPackageProductDependency;
			package = DB1932CD2B85B26A005E74E8 /* XCRemoteSwiftPackageReference "All_Pets_Commons" */;
			productName = AllPetsFunctionalUtilities;
		};
		DBC83EB72B8C005A00E7C560 /* AllPetsImages */ = {
			isa = XCSwiftPackageProductDependency;
			package = DB1932CD2B85B26A005E74E8 /* XCRemoteSwiftPackageReference "All_Pets_Commons" */;
			productName = AllPetsImages;
		};
		DBC83EB92B8C005A00E7C560 /* AllPetsLocalizable */ = {
			isa = XCSwiftPackageProductDependency;
			package = DB1932CD2B85B26A005E74E8 /* XCRemoteSwiftPackageReference "All_Pets_Commons" */;
			productName = AllPetsLocalizable;
		};
		DBC83EBB2B8C005A00E7C560 /* AllPetsNetworkProvider */ = {
			isa = XCSwiftPackageProductDependency;
			package = DB1932CD2B85B26A005E74E8 /* XCRemoteSwiftPackageReference "All_Pets_Commons" */;
			productName = AllPetsNetworkProvider;
		};
/* End XCSwiftPackageProductDependency section */
	};
	rootObject = D27FA9FD2A830F4E00E0B93A /* Project object */;
}
